{
    "requires": true,
    "lockfileVersion": 1,
    "dependencies": {
        "bootstrap": {
            "version": "4.1.3",
            "resolved": "https://registry.npmjs.org/bootstrap/-/bootstrap-4.1.3.tgz",
            "integrity": "sha512-rDFIzgXcof0jDyjNosjv4Sno77X4KuPeFxG2XZZv1/Kc8DRVGVADdoQyyOVDwPqL36DDmtCQbrpMCqvpPLJQ0w=="
        },
        "brace": {
            "version": "0.11.0",
            "resolved": "https://registry.npmjs.org/brace/-/brace-0.11.0.tgz",
            "integrity": "sha1-FVzYBgdofcjLkI8N+U5ioDPB1WM="
        },
        "co": {
            "version": "4.6.0",
            "resolved": "https://registry.npmjs.org/co/-/co-4.6.0.tgz",
            "integrity": "sha1-bqa989hTrlTMuOR7+gvz+QMfsYQ="
        },
        "fast-json-stable-stringify": {
            "version": "2.0.0",
            "resolved": "https://registry.npmjs.org/fast-json-stable-stringify/-/fast-json-stable-stringify-2.0.0.tgz",
            "integrity": "sha1-1RQsDK7msRifh9OnYREGT4bIu/I="
        },
        "javascript-natural-sort": {
            "version": "0.7.1",
            "resolved": "https://registry.npmjs.org/javascript-natural-sort/-/javascript-natural-sort-0.7.1.tgz",
            "integrity": "sha1-+eIwPUUH9tdDVac2ZNFED7Wg71k="
        },
        "jmespath": {
            "version": "0.15.0",
            "resolved": "https://registry.npmjs.org/jmespath/-/jmespath-0.15.0.tgz",
            "integrity": "sha1-o/Iiqarp+Wb10nx5ZRDigJF2Qhc="
        },
        "jquery": {
            "version": "3.3.1",
            "resolved": "https://registry.npmjs.org/jquery/-/jquery-3.3.1.tgz",
            "integrity": "sha512-Ubldcmxp5np52/ENotGxlLe6aGMvmF4R8S6tZjsP6Knsaxd/xp3Zrh50cG93lR6nPXyUFwzN3ZSOQI0wRJNdGg=="
        },
        "jsoneditor": {
            "version": "5.19.1",
            "resolved": "https://registry.npmjs.org/jsoneditor/-/jsoneditor-5.19.1.tgz",
            "integrity": "sha512-kceq1rVQ/E6uXVFIcj51BUil0TpRlncuezKwEcJqA5Xp5YM3BPf/d+aGNKmYB69ArnTXJ4zJ2PshILZ2yyQDSQ==",
            "requires": {
                "ajv": "5.5.2",
                "brace": "0.11.0",
                "javascript-natural-sort": "0.7.1",
                "jmespath": "0.15.0",
                "mobius1-selectr": "2.4.1",
                "picomodal": "3.0.0"
            },
            "dependencies": {
                "ajv": {
                    "version": "5.5.2",
                    "resolved": "https://registry.npmjs.org/ajv/-/ajv-5.5.2.tgz",
                    "integrity": "sha1-c7Xuyj+rZT49P5Qis0GtQiBdyWU=",
                    "requires": {
                        "co": "4.6.0",
                        "fast-deep-equal": "1.1.0",
                        "fast-json-stable-stringify": "2.0.0",
                        "json-schema-traverse": "0.3.1"
                    }
                },
                "fast-deep-equal": {
                    "version": "1.1.0",
                    "resolved": "https://registry.npmjs.org/fast-deep-equal/-/fast-deep-equal-1.1.0.tgz",
                    "integrity": "sha1-wFNHeBfIa1HaqFPIHgWbcz0CNhQ="
                },
                "json-schema-traverse": {
                    "version": "0.3.1",
                    "resolved": "https://registry.npmjs.org/json-schema-traverse/-/json-schema-traverse-0.3.1.tgz",
                    "integrity": "sha1-NJptRMU6Ud6JtAgFxdXlm0F9M0A="
                }
            }
        },
        "mobius1-selectr": {
            "version": "2.4.1",
            "resolved": "https://registry.npmjs.org/mobius1-selectr/-/mobius1-selectr-2.4.1.tgz",
            "integrity": "sha512-neWBV/ew/wxUvj1mVkTKpFXsMIC2T5/usTFmlsOUXt1919y6IMhRMULXTqFxMoAihaRtI98zCE5ckgTMj9aDBQ=="
        },
        "picomodal": {
            "version": "3.0.0",
            "resolved": "https://registry.npmjs.org/picomodal/-/picomodal-3.0.0.tgz",
            "integrity": "sha1-+s0w9PvzSoCcHgTqUl8ATzmcC4I="
        },
        "popper.js": {
            "version": "1.14.3",
            "resolved": "https://registry.npmjs.org/popper.js/-/popper.js-1.14.3.tgz",
            "integrity": "sha1-FDj5jQRqz3tNeM1QK/QYrGTU8JU="
        },
        "three": {
            "version": "0.94.0",
            "resolved": "https://registry.npmjs.org/three/-/three-0.94.0.tgz",
            "integrity": "sha1-TObbfyv795wtc0RKpuPPwIoy12I="
        },
        "tween.js": {
            "version": "16.6.0",
            "resolved": "https://registry.npmjs.org/tween.js/-/tween.js-16.6.0.tgz",
            "integrity": "sha1-c5EEyTNsxPEe5T+c587eUeZyNiQ="
        }
    }
}
